
Microsoft Visual Studio Solution File, Format Version 12.00
# Visual Studio Version 16
VisualStudioVersion = 16.0.31129.286
MinimumVisualStudioVersion = 15.0.26124.0
Project("{2150E333-8FDC-42A3-9474-1A3956D46DE8}") = "Example1", "Example1", "{36DF83CB-0F47-48B4-87D7-EB10D4A41F72}"
	ProjectSection(SolutionItems) = preProject
		Example1\README.md = Example1\README.md
	EndProjectSection
EndProject
Project("{9A19103F-16F7-4668-BE54-9A1E7A4F7556}") = "Rabbit.Example1.Consumer", "Example1\Rabbit.Example1.Consumer\Rabbit.Example1.Consumer.csproj", "{ECAC13E7-9D34-4BEB-9858-F67E069278A5}"
EndProject
Project("{9A19103F-16F7-4668-BE54-9A1E7A4F7556}") = "Rabbit.Example1.Producer", "Example1\Rabbit.Example1.Producer\Rabbit.Example1.Producer.csproj", "{503656AB-6293-4D94-BFAC-15E62A81297F}"
EndProject
Project("{9A19103F-16F7-4668-BE54-9A1E7A4F7556}") = "Rabbit.Common", "Common\Rabbit.Common.csproj", "{FD24C6B3-CAB3-4DA1-BC85-BF4F17831EA2}"
EndProject
Project("{2150E333-8FDC-42A3-9474-1A3956D46DE8}") = "Example2", "Example2", "{15FFD57A-0602-48EC-AA20-DFCD782211F3}"
	ProjectSection(SolutionItems) = preProject
		Example2\README.md = Example2\README.md
	EndProjectSection
EndProject
Project("{9A19103F-16F7-4668-BE54-9A1E7A4F7556}") = "Rabbit.Example2.Consumer", "Example2\Rabbit.Example2.Consumer\Rabbit.Example2.Consumer.csproj", "{6F358D8D-16BC-4B8B-8637-C5771F5A08CF}"
EndProject
Project("{9A19103F-16F7-4668-BE54-9A1E7A4F7556}") = "Rabbit.Example2.Producer", "Example2\Rabbit.Example2.Producer\Rabbit.Example2.Producer.csproj", "{5EE1E1E1-A15C-4307-A1AE-E81D55B28DE7}"
EndProject
Project("{2150E333-8FDC-42A3-9474-1A3956D46DE8}") = "Example3", "Example3", "{C7FEF85A-2CF6-4493-B22F-2A5DCE05712E}"
	ProjectSection(SolutionItems) = preProject
		Example3\README.md = Example3\README.md
	EndProjectSection
EndProject
Project("{9A19103F-16F7-4668-BE54-9A1E7A4F7556}") = "Rabbit.Example3.Consumer", "Example3\Rabbit.Example3.Consumer\Rabbit.Example3.Consumer.csproj", "{D99E3E8A-4A33-4360-9514-CFEC4AB1395E}"
EndProject
Project("{9A19103F-16F7-4668-BE54-9A1E7A4F7556}") = "Rabbit.Example3.Producer", "Example3\Rabbit.Example3.Producer\Rabbit.Example3.Producer.csproj", "{D9DC1911-3C8E-4C19-88EA-7C1A30F7A394}"
EndProject
Project("{2150E333-8FDC-42A3-9474-1A3956D46DE8}") = "Example4", "Example4", "{77141189-CD30-4FFA-B729-45A088D4628D}"
	ProjectSection(SolutionItems) = preProject
		Example4\README.md = Example4\README.md
	EndProjectSection
EndProject
Project("{9A19103F-16F7-4668-BE54-9A1E7A4F7556}") = "Rabbit.Example4.Consumer", "Example4\Rabbit.Example4.Consumer\Rabbit.Example4.Consumer.csproj", "{45E9F73E-45E8-46DC-96E0-F6D3E646DA2C}"
EndProject
Project("{9A19103F-16F7-4668-BE54-9A1E7A4F7556}") = "Rabbit.Example4.Producer", "Example4\Rabbit.Example4.Producer\Rabbit.Example4.Producer.csproj", "{A2080899-9473-41AD-87DC-86FBD8D35EAC}"
EndProject
Project("{2150E333-8FDC-42A3-9474-1A3956D46DE8}") = "Example5", "Example5", "{BF77A44B-1E0A-4EE0-BB3F-666073CDA1FE}"
EndProject
Project("{9A19103F-16F7-4668-BE54-9A1E7A4F7556}") = "Rabbit.Example5.Consumer", "Example5\Rabbit.Example5.Consumer\Rabbit.Example5.Consumer.csproj", "{C5796D59-C863-4E53-A4C8-71F342CD632E}"
EndProject
Project("{9A19103F-16F7-4668-BE54-9A1E7A4F7556}") = "Rabbit.Example5.Producer", "Example5\Rabbit.Example5.Producer\Rabbit.Example5.Producer.csproj", "{D682B5AF-64A6-47A7-9021-A6AF52363762}"
EndProject
Project("{2150E333-8FDC-42A3-9474-1A3956D46DE8}") = "Example6", "Example6", "{D9050B26-5B8E-42C3-BCC9-29577140EC33}"
EndProject
Project("{9A19103F-16F7-4668-BE54-9A1E7A4F7556}") = "Rabbit.Example6.Consumer", "Example6\Rabbit.Example6.Consumer\Rabbit.Example6.Consumer.csproj", "{986DB490-8EE1-4A23-AF2C-A92FC6DD3DEC}"
EndProject
Project("{9A19103F-16F7-4668-BE54-9A1E7A4F7556}") = "Rabbit.Example6.Producer", "Example6\Rabbit.Example6.Producer\Rabbit.Example6.Producer.csproj", "{2B7B6CF5-FB2C-4452-A212-59A1638FAF46}"
EndProject
Project("{2150E333-8FDC-42A3-9474-1A3956D46DE8}") = "Common", "Common", "{A41216BE-885F-4C80-A054-C7960D53A58E}"
EndProject
Global
	GlobalSection(SolutionConfigurationPlatforms) = preSolution
		Debug|Any CPU = Debug|Any CPU
		Debug|x64 = Debug|x64
		Debug|x86 = Debug|x86
		Release|Any CPU = Release|Any CPU
		Release|x64 = Release|x64
		Release|x86 = Release|x86
	EndGlobalSection
	GlobalSection(ProjectConfigurationPlatforms) = postSolution
		{ECAC13E7-9D34-4BEB-9858-F67E069278A5}.Debug|Any CPU.ActiveCfg = Debug|Any CPU
		{ECAC13E7-9D34-4BEB-9858-F67E069278A5}.Debug|Any CPU.Build.0 = Debug|Any CPU
		{ECAC13E7-9D34-4BEB-9858-F67E069278A5}.Debug|x64.ActiveCfg = Debug|Any CPU
		{ECAC13E7-9D34-4BEB-9858-F67E069278A5}.Debug|x64.Build.0 = Debug|Any CPU
		{ECAC13E7-9D34-4BEB-9858-F67E069278A5}.Debug|x86.ActiveCfg = Debug|Any CPU
		{ECAC13E7-9D34-4BEB-9858-F67E069278A5}.Debug|x86.Build.0 = Debug|Any CPU
		{ECAC13E7-9D34-4BEB-9858-F67E069278A5}.Release|Any CPU.ActiveCfg = Release|Any CPU
		{ECAC13E7-9D34-4BEB-9858-F67E069278A5}.Release|Any CPU.Build.0 = Release|Any CPU
		{ECAC13E7-9D34-4BEB-9858-F67E069278A5}.Release|x64.ActiveCfg = Release|Any CPU
		{ECAC13E7-9D34-4BEB-9858-F67E069278A5}.Release|x64.Build.0 = Release|Any CPU
		{ECAC13E7-9D34-4BEB-9858-F67E069278A5}.Release|x86.ActiveCfg = Release|Any CPU
		{ECAC13E7-9D34-4BEB-9858-F67E069278A5}.Release|x86.Build.0 = Release|Any CPU
		{503656AB-6293-4D94-BFAC-15E62A81297F}.Debug|Any CPU.ActiveCfg = Debug|Any CPU
		{503656AB-6293-4D94-BFAC-15E62A81297F}.Debug|Any CPU.Build.0 = Debug|Any CPU
		{503656AB-6293-4D94-BFAC-15E62A81297F}.Debug|x64.ActiveCfg = Debug|Any CPU
		{503656AB-6293-4D94-BFAC-15E62A81297F}.Debug|x64.Build.0 = Debug|Any CPU
		{503656AB-6293-4D94-BFAC-15E62A81297F}.Debug|x86.ActiveCfg = Debug|Any CPU
		{503656AB-6293-4D94-BFAC-15E62A81297F}.Debug|x86.Build.0 = Debug|Any CPU
		{503656AB-6293-4D94-BFAC-15E62A81297F}.Release|Any CPU.ActiveCfg = Release|Any CPU
		{503656AB-6293-4D94-BFAC-15E62A81297F}.Release|Any CPU.Build.0 = Release|Any CPU
		{503656AB-6293-4D94-BFAC-15E62A81297F}.Release|x64.ActiveCfg = Release|Any CPU
		{503656AB-6293-4D94-BFAC-15E62A81297F}.Release|x64.Build.0 = Release|Any CPU
		{503656AB-6293-4D94-BFAC-15E62A81297F}.Release|x86.ActiveCfg = Release|Any CPU
		{503656AB-6293-4D94-BFAC-15E62A81297F}.Release|x86.Build.0 = Release|Any CPU
		{FD24C6B3-CAB3-4DA1-BC85-BF4F17831EA2}.Debug|Any CPU.ActiveCfg = Debug|Any CPU
		{FD24C6B3-CAB3-4DA1-BC85-BF4F17831EA2}.Debug|Any CPU.Build.0 = Debug|Any CPU
		{FD24C6B3-CAB3-4DA1-BC85-BF4F17831EA2}.Debug|x64.ActiveCfg = Debug|Any CPU
		{FD24C6B3-CAB3-4DA1-BC85-BF4F17831EA2}.Debug|x64.Build.0 = Debug|Any CPU
		{FD24C6B3-CAB3-4DA1-BC85-BF4F17831EA2}.Debug|x86.ActiveCfg = Debug|Any CPU
		{FD24C6B3-CAB3-4DA1-BC85-BF4F17831EA2}.Debug|x86.Build.0 = Debug|Any CPU
		{FD24C6B3-CAB3-4DA1-BC85-BF4F17831EA2}.Release|Any CPU.ActiveCfg = Release|Any CPU
		{FD24C6B3-CAB3-4DA1-BC85-BF4F17831EA2}.Release|Any CPU.Build.0 = Release|Any CPU
		{FD24C6B3-CAB3-4DA1-BC85-BF4F17831EA2}.Release|x64.ActiveCfg = Release|Any CPU
		{FD24C6B3-CAB3-4DA1-BC85-BF4F17831EA2}.Release|x64.Build.0 = Release|Any CPU
		{FD24C6B3-CAB3-4DA1-BC85-BF4F17831EA2}.Release|x86.ActiveCfg = Release|Any CPU
		{FD24C6B3-CAB3-4DA1-BC85-BF4F17831EA2}.Release|x86.Build.0 = Release|Any CPU
		{6F358D8D-16BC-4B8B-8637-C5771F5A08CF}.Debug|Any CPU.ActiveCfg = Debug|Any CPU
		{6F358D8D-16BC-4B8B-8637-C5771F5A08CF}.Debug|Any CPU.Build.0 = Debug|Any CPU
		{6F358D8D-16BC-4B8B-8637-C5771F5A08CF}.Debug|x64.ActiveCfg = Debug|Any CPU
		{6F358D8D-16BC-4B8B-8637-C5771F5A08CF}.Debug|x64.Build.0 = Debug|Any CPU
		{6F358D8D-16BC-4B8B-8637-C5771F5A08CF}.Debug|x86.ActiveCfg = Debug|Any CPU
		{6F358D8D-16BC-4B8B-8637-C5771F5A08CF}.Debug|x86.Build.0 = Debug|Any CPU
		{6F358D8D-16BC-4B8B-8637-C5771F5A08CF}.Release|Any CPU.ActiveCfg = Release|Any CPU
		{6F358D8D-16BC-4B8B-8637-C5771F5A08CF}.Release|Any CPU.Build.0 = Release|Any CPU
		{6F358D8D-16BC-4B8B-8637-C5771F5A08CF}.Release|x64.ActiveCfg = Release|Any CPU
		{6F358D8D-16BC-4B8B-8637-C5771F5A08CF}.Release|x64.Build.0 = Release|Any CPU
		{6F358D8D-16BC-4B8B-8637-C5771F5A08CF}.Release|x86.ActiveCfg = Release|Any CPU
		{6F358D8D-16BC-4B8B-8637-C5771F5A08CF}.Release|x86.Build.0 = Release|Any CPU
		{5EE1E1E1-A15C-4307-A1AE-E81D55B28DE7}.Debug|Any CPU.ActiveCfg = Debug|Any CPU
		{5EE1E1E1-A15C-4307-A1AE-E81D55B28DE7}.Debug|Any CPU.Build.0 = Debug|Any CPU
		{5EE1E1E1-A15C-4307-A1AE-E81D55B28DE7}.Debug|x64.ActiveCfg = Debug|Any CPU
		{5EE1E1E1-A15C-4307-A1AE-E81D55B28DE7}.Debug|x64.Build.0 = Debug|Any CPU
		{5EE1E1E1-A15C-4307-A1AE-E81D55B28DE7}.Debug|x86.ActiveCfg = Debug|Any CPU
		{5EE1E1E1-A15C-4307-A1AE-E81D55B28DE7}.Debug|x86.Build.0 = Debug|Any CPU
		{5EE1E1E1-A15C-4307-A1AE-E81D55B28DE7}.Release|Any CPU.ActiveCfg = Release|Any CPU
		{5EE1E1E1-A15C-4307-A1AE-E81D55B28DE7}.Release|Any CPU.Build.0 = Release|Any CPU
		{5EE1E1E1-A15C-4307-A1AE-E81D55B28DE7}.Release|x64.ActiveCfg = Release|Any CPU
		{5EE1E1E1-A15C-4307-A1AE-E81D55B28DE7}.Release|x64.Build.0 = Release|Any CPU
		{5EE1E1E1-A15C-4307-A1AE-E81D55B28DE7}.Release|x86.ActiveCfg = Release|Any CPU
		{5EE1E1E1-A15C-4307-A1AE-E81D55B28DE7}.Release|x86.Build.0 = Release|Any CPU
		{D99E3E8A-4A33-4360-9514-CFEC4AB1395E}.Debug|Any CPU.ActiveCfg = Debug|Any CPU
		{D99E3E8A-4A33-4360-9514-CFEC4AB1395E}.Debug|Any CPU.Build.0 = Debug|Any CPU
		{D99E3E8A-4A33-4360-9514-CFEC4AB1395E}.Debug|x64.ActiveCfg = Debug|Any CPU
		{D99E3E8A-4A33-4360-9514-CFEC4AB1395E}.Debug|x64.Build.0 = Debug|Any CPU
		{D99E3E8A-4A33-4360-9514-CFEC4AB1395E}.Debug|x86.ActiveCfg = Debug|Any CPU
		{D99E3E8A-4A33-4360-9514-CFEC4AB1395E}.Debug|x86.Build.0 = Debug|Any CPU
		{D99E3E8A-4A33-4360-9514-CFEC4AB1395E}.Release|Any CPU.ActiveCfg = Release|Any CPU
		{D99E3E8A-4A33-4360-9514-CFEC4AB1395E}.Release|Any CPU.Build.0 = Release|Any CPU
		{D99E3E8A-4A33-4360-9514-CFEC4AB1395E}.Release|x64.ActiveCfg = Release|Any CPU
		{D99E3E8A-4A33-4360-9514-CFEC4AB1395E}.Release|x64.Build.0 = Release|Any CPU
		{D99E3E8A-4A33-4360-9514-CFEC4AB1395E}.Release|x86.ActiveCfg = Release|Any CPU
		{D99E3E8A-4A33-4360-9514-CFEC4AB1395E}.Release|x86.Build.0 = Release|Any CPU
		{D9DC1911-3C8E-4C19-88EA-7C1A30F7A394}.Debug|Any CPU.ActiveCfg = Debug|Any CPU
		{D9DC1911-3C8E-4C19-88EA-7C1A30F7A394}.Debug|Any CPU.Build.0 = Debug|Any CPU
		{D9DC1911-3C8E-4C19-88EA-7C1A30F7A394}.Debug|x64.ActiveCfg = Debug|Any CPU
		{D9DC1911-3C8E-4C19-88EA-7C1A30F7A394}.Debug|x64.Build.0 = Debug|Any CPU
		{D9DC1911-3C8E-4C19-88EA-7C1A30F7A394}.Debug|x86.ActiveCfg = Debug|Any CPU
		{D9DC1911-3C8E-4C19-88EA-7C1A30F7A394}.Debug|x86.Build.0 = Debug|Any CPU
		{D9DC1911-3C8E-4C19-88EA-7C1A30F7A394}.Release|Any CPU.ActiveCfg = Release|Any CPU
		{D9DC1911-3C8E-4C19-88EA-7C1A30F7A394}.Release|Any CPU.Build.0 = Release|Any CPU
		{D9DC1911-3C8E-4C19-88EA-7C1A30F7A394}.Release|x64.ActiveCfg = Release|Any CPU
		{D9DC1911-3C8E-4C19-88EA-7C1A30F7A394}.Release|x64.Build.0 = Release|Any CPU
		{D9DC1911-3C8E-4C19-88EA-7C1A30F7A394}.Release|x86.ActiveCfg = Release|Any CPU
		{D9DC1911-3C8E-4C19-88EA-7C1A30F7A394}.Release|x86.Build.0 = Release|Any CPU
		{45E9F73E-45E8-46DC-96E0-F6D3E646DA2C}.Debug|Any CPU.ActiveCfg = Debug|Any CPU
		{45E9F73E-45E8-46DC-96E0-F6D3E646DA2C}.Debug|Any CPU.Build.0 = Debug|Any CPU
		{45E9F73E-45E8-46DC-96E0-F6D3E646DA2C}.Debug|x64.ActiveCfg = Debug|Any CPU
		{45E9F73E-45E8-46DC-96E0-F6D3E646DA2C}.Debug|x64.Build.0 = Debug|Any CPU
		{45E9F73E-45E8-46DC-96E0-F6D3E646DA2C}.Debug|x86.ActiveCfg = Debug|Any CPU
		{45E9F73E-45E8-46DC-96E0-F6D3E646DA2C}.Debug|x86.Build.0 = Debug|Any CPU
		{45E9F73E-45E8-46DC-96E0-F6D3E646DA2C}.Release|Any CPU.ActiveCfg = Release|Any CPU
		{45E9F73E-45E8-46DC-96E0-F6D3E646DA2C}.Release|Any CPU.Build.0 = Release|Any CPU
		{45E9F73E-45E8-46DC-96E0-F6D3E646DA2C}.Release|x64.ActiveCfg = Release|Any CPU
		{45E9F73E-45E8-46DC-96E0-F6D3E646DA2C}.Release|x64.Build.0 = Release|Any CPU
		{45E9F73E-45E8-46DC-96E0-F6D3E646DA2C}.Release|x86.ActiveCfg = Release|Any CPU
		{45E9F73E-45E8-46DC-96E0-F6D3E646DA2C}.Release|x86.Build.0 = Release|Any CPU
		{A2080899-9473-41AD-87DC-86FBD8D35EAC}.Debug|Any CPU.ActiveCfg = Debug|Any CPU
		{A2080899-9473-41AD-87DC-86FBD8D35EAC}.Debug|Any CPU.Build.0 = Debug|Any CPU
		{A2080899-9473-41AD-87DC-86FBD8D35EAC}.Debug|x64.ActiveCfg = Debug|Any CPU
		{A2080899-9473-41AD-87DC-86FBD8D35EAC}.Debug|x64.Build.0 = Debug|Any CPU
		{A2080899-9473-41AD-87DC-86FBD8D35EAC}.Debug|x86.ActiveCfg = Debug|Any CPU
		{A2080899-9473-41AD-87DC-86FBD8D35EAC}.Debug|x86.Build.0 = Debug|Any CPU
		{A2080899-9473-41AD-87DC-86FBD8D35EAC}.Release|Any CPU.ActiveCfg = Release|Any CPU
		{A2080899-9473-41AD-87DC-86FBD8D35EAC}.Release|Any CPU.Build.0 = Release|Any CPU
		{A2080899-9473-41AD-87DC-86FBD8D35EAC}.Release|x64.ActiveCfg = Release|Any CPU
		{A2080899-9473-41AD-87DC-86FBD8D35EAC}.Release|x64.Build.0 = Release|Any CPU
		{A2080899-9473-41AD-87DC-86FBD8D35EAC}.Release|x86.ActiveCfg = Release|Any CPU
		{A2080899-9473-41AD-87DC-86FBD8D35EAC}.Release|x86.Build.0 = Release|Any CPU
		{C5796D59-C863-4E53-A4C8-71F342CD632E}.Debug|Any CPU.ActiveCfg = Debug|Any CPU
		{C5796D59-C863-4E53-A4C8-71F342CD632E}.Debug|Any CPU.Build.0 = Debug|Any CPU
		{C5796D59-C863-4E53-A4C8-71F342CD632E}.Debug|x64.ActiveCfg = Debug|Any CPU
		{C5796D59-C863-4E53-A4C8-71F342CD632E}.Debug|x64.Build.0 = Debug|Any CPU
		{C5796D59-C863-4E53-A4C8-71F342CD632E}.Debug|x86.ActiveCfg = Debug|Any CPU
		{C5796D59-C863-4E53-A4C8-71F342CD632E}.Debug|x86.Build.0 = Debug|Any CPU
		{C5796D59-C863-4E53-A4C8-71F342CD632E}.Release|Any CPU.ActiveCfg = Release|Any CPU
		{C5796D59-C863-4E53-A4C8-71F342CD632E}.Release|Any CPU.Build.0 = Release|Any CPU
		{C5796D59-C863-4E53-A4C8-71F342CD632E}.Release|x64.ActiveCfg = Release|Any CPU
		{C5796D59-C863-4E53-A4C8-71F342CD632E}.Release|x64.Build.0 = Release|Any CPU
		{C5796D59-C863-4E53-A4C8-71F342CD632E}.Release|x86.ActiveCfg = Release|Any CPU
		{C5796D59-C863-4E53-A4C8-71F342CD632E}.Release|x86.Build.0 = Release|Any CPU
		{D682B5AF-64A6-47A7-9021-A6AF52363762}.Debug|Any CPU.ActiveCfg = Debug|Any CPU
		{D682B5AF-64A6-47A7-9021-A6AF52363762}.Debug|Any CPU.Build.0 = Debug|Any CPU
		{D682B5AF-64A6-47A7-9021-A6AF52363762}.Debug|x64.ActiveCfg = Debug|Any CPU
		{D682B5AF-64A6-47A7-9021-A6AF52363762}.Debug|x64.Build.0 = Debug|Any CPU
		{D682B5AF-64A6-47A7-9021-A6AF52363762}.Debug|x86.ActiveCfg = Debug|Any CPU
		{D682B5AF-64A6-47A7-9021-A6AF52363762}.Debug|x86.Build.0 = Debug|Any CPU
		{D682B5AF-64A6-47A7-9021-A6AF52363762}.Release|Any CPU.ActiveCfg = Release|Any CPU
		{D682B5AF-64A6-47A7-9021-A6AF52363762}.Release|Any CPU.Build.0 = Release|Any CPU
		{D682B5AF-64A6-47A7-9021-A6AF52363762}.Release|x64.ActiveCfg = Release|Any CPU
		{D682B5AF-64A6-47A7-9021-A6AF52363762}.Release|x64.Build.0 = Release|Any CPU
		{D682B5AF-64A6-47A7-9021-A6AF52363762}.Release|x86.ActiveCfg = Release|Any CPU
		{D682B5AF-64A6-47A7-9021-A6AF52363762}.Release|x86.Build.0 = Release|Any CPU
		{986DB490-8EE1-4A23-AF2C-A92FC6DD3DEC}.Debug|Any CPU.ActiveCfg = Debug|Any CPU
		{986DB490-8EE1-4A23-AF2C-A92FC6DD3DEC}.Debug|Any CPU.Build.0 = Debug|Any CPU
		{986DB490-8EE1-4A23-AF2C-A92FC6DD3DEC}.Debug|x64.ActiveCfg = Debug|Any CPU
		{986DB490-8EE1-4A23-AF2C-A92FC6DD3DEC}.Debug|x64.Build.0 = Debug|Any CPU
		{986DB490-8EE1-4A23-AF2C-A92FC6DD3DEC}.Debug|x86.ActiveCfg = Debug|Any CPU
		{986DB490-8EE1-4A23-AF2C-A92FC6DD3DEC}.Debug|x86.Build.0 = Debug|Any CPU
		{986DB490-8EE1-4A23-AF2C-A92FC6DD3DEC}.Release|Any CPU.ActiveCfg = Release|Any CPU
		{986DB490-8EE1-4A23-AF2C-A92FC6DD3DEC}.Release|Any CPU.Build.0 = Release|Any CPU
		{986DB490-8EE1-4A23-AF2C-A92FC6DD3DEC}.Release|x64.ActiveCfg = Release|Any CPU
		{986DB490-8EE1-4A23-AF2C-A92FC6DD3DEC}.Release|x64.Build.0 = Release|Any CPU
		{986DB490-8EE1-4A23-AF2C-A92FC6DD3DEC}.Release|x86.ActiveCfg = Release|Any CPU
		{986DB490-8EE1-4A23-AF2C-A92FC6DD3DEC}.Release|x86.Build.0 = Release|Any CPU
		{2B7B6CF5-FB2C-4452-A212-59A1638FAF46}.Debug|Any CPU.ActiveCfg = Debug|Any CPU
		{2B7B6CF5-FB2C-4452-A212-59A1638FAF46}.Debug|Any CPU.Build.0 = Debug|Any CPU
		{2B7B6CF5-FB2C-4452-A212-59A1638FAF46}.Debug|x64.ActiveCfg = Debug|Any CPU
		{2B7B6CF5-FB2C-4452-A212-59A1638FAF46}.Debug|x64.Build.0 = Debug|Any CPU
		{2B7B6CF5-FB2C-4452-A212-59A1638FAF46}.Debug|x86.ActiveCfg = Debug|Any CPU
		{2B7B6CF5-FB2C-4452-A212-59A1638FAF46}.Debug|x86.Build.0 = Debug|Any CPU
		{2B7B6CF5-FB2C-4452-A212-59A1638FAF46}.Release|Any CPU.ActiveCfg = Release|Any CPU
		{2B7B6CF5-FB2C-4452-A212-59A1638FAF46}.Release|Any CPU.Build.0 = Release|Any CPU
		{2B7B6CF5-FB2C-4452-A212-59A1638FAF46}.Release|x64.ActiveCfg = Release|Any CPU
		{2B7B6CF5-FB2C-4452-A212-59A1638FAF46}.Release|x64.Build.0 = Release|Any CPU
		{2B7B6CF5-FB2C-4452-A212-59A1638FAF46}.Release|x86.ActiveCfg = Release|Any CPU
		{2B7B6CF5-FB2C-4452-A212-59A1638FAF46}.Release|x86.Build.0 = Release|Any CPU
	EndGlobalSection
	GlobalSection(SolutionProperties) = preSolution
		HideSolutionNode = FALSE
	EndGlobalSection
	GlobalSection(NestedProjects) = preSolution
		{ECAC13E7-9D34-4BEB-9858-F67E069278A5} = {36DF83CB-0F47-48B4-87D7-EB10D4A41F72}
		{503656AB-6293-4D94-BFAC-15E62A81297F} = {36DF83CB-0F47-48B4-87D7-EB10D4A41F72}
		{FD24C6B3-CAB3-4DA1-BC85-BF4F17831EA2} = {A41216BE-885F-4C80-A054-C7960D53A58E}
		{6F358D8D-16BC-4B8B-8637-C5771F5A08CF} = {15FFD57A-0602-48EC-AA20-DFCD782211F3}
		{5EE1E1E1-A15C-4307-A1AE-E81D55B28DE7} = {15FFD57A-0602-48EC-AA20-DFCD782211F3}
		{D99E3E8A-4A33-4360-9514-CFEC4AB1395E} = {C7FEF85A-2CF6-4493-B22F-2A5DCE05712E}
		{D9DC1911-3C8E-4C19-88EA-7C1A30F7A394} = {C7FEF85A-2CF6-4493-B22F-2A5DCE05712E}
		{45E9F73E-45E8-46DC-96E0-F6D3E646DA2C} = {77141189-CD30-4FFA-B729-45A088D4628D}
		{A2080899-9473-41AD-87DC-86FBD8D35EAC} = {77141189-CD30-4FFA-B729-45A088D4628D}
		{C5796D59-C863-4E53-A4C8-71F342CD632E} = {BF77A44B-1E0A-4EE0-BB3F-666073CDA1FE}
		{D682B5AF-64A6-47A7-9021-A6AF52363762} = {BF77A44B-1E0A-4EE0-BB3F-666073CDA1FE}
		{986DB490-8EE1-4A23-AF2C-A92FC6DD3DEC} = {D9050B26-5B8E-42C3-BCC9-29577140EC33}
		{2B7B6CF5-FB2C-4452-A212-59A1638FAF46} = {D9050B26-5B8E-42C3-BCC9-29577140EC33}
	EndGlobalSection
	GlobalSection(ExtensibilityGlobals) = postSolution
		SolutionGuid = {AA822F8C-ACA8-4561-A15E-EE4AFF691C33}
	EndGlobalSection
EndGlobal
